{
  "version": 4,
  "terraform_version": "1.10.3",
  "serial": 3,
  "lineage": "1960971d-d7c5-4e68-e16d-e551ec17f051",
  "outputs": {},
  "resources": [
    {
      "mode": "managed",
      "type": "spotify_playlist",
      "name": "kollywood",
      "provider": "provider[\"registry.terraform.io/conradludgate/spotify\"]",
      "instances": [
        {
          "schema_version": 0,
          "attributes": {
            "description": "",
            "id": "0DXY3TrEu1ClOoGyXyYxR6",
            "name": "AR RAHMAN",
            "public": true,
            "snapshot_id": "AAAAAg/W1w2XlIEOZLgjB6SQ8eGBe9s5",
            "tracks": [
              "1bxzr3JK05fMTcweGAZUHp"
            ]
          },
          "sensitive_attributes": [],
          "private": "bnVsbA=="
        }
      ]
    }
  ],
  "check_results": null
}
